// !$*UTF8*$!
{
	archiveVersion = 1;
	classes = {
	};
	objectVersion = 46;
	objects = {

/* Begin PBXBuildFile section */
		4D1C23D7D7C80F125A980CD5 /* libPods-HomeFrame.a in Frameworks */ = {isa = PBXBuildFile; fileRef = FFD4A4D3E5BA266666B462DC /* libPods-HomeFrame.a */; };
		E30E9ECE1F46CF0500DB482E /* AppDelegate.m in Sources */ = {isa = PBXBuildFile; fileRef = E30E9ECD1F46CF0500DB482E /* AppDelegate.m */; };
		E30E9EDF1F46D09300DB482E /* XJKBaseViewController.m in Sources */ = {isa = PBXBuildFile; fileRef = E30E9EDE1F46D09300DB482E /* XJKBaseViewController.m */; };
		E30E9EE21F46D0D400DB482E /* XJKBaseNavigationController.m in Sources */ = {isa = PBXBuildFile; fileRef = E30E9EE11F46D0D400DB482E /* XJKBaseNavigationController.m */; };
		E30E9EE51F46D0F600DB482E /* XJKBaseTabBarController.m in Sources */ = {isa = PBXBuildFile; fileRef = E30E9EE41F46D0F600DB482E /* XJKBaseTabBarController.m */; };
		E30E9EE81F46D11200DB482E /* XJKBaseView.m in Sources */ = {isa = PBXBuildFile; fileRef = E30E9EE71F46D11200DB482E /* XJKBaseView.m */; };
		E30E9EEB1F46D13200DB482E /* XJKBaseModel.m in Sources */ = {isa = PBXBuildFile; fileRef = E30E9EEA1F46D13200DB482E /* XJKBaseModel.m */; };
		E30E9EEE1F46D15800DB482E /* HomeViewController.m in Sources */ = {isa = PBXBuildFile; fileRef = E30E9EED1F46D15800DB482E /* HomeViewController.m */; };
		E30E9EF11F46D16900DB482E /* CenterViewController.m in Sources */ = {isa = PBXBuildFile; fileRef = E30E9EF01F46D16900DB482E /* CenterViewController.m */; };
		E30E9EF41F46D17700DB482E /* MyViewController.m in Sources */ = {isa = PBXBuildFile; fileRef = E30E9EF31F46D17700DB482E /* MyViewController.m */; };
		E30E9EFD1F46E49C00DB482E /* XJKRequest.m in Sources */ = {isa = PBXBuildFile; fileRef = E30E9EFC1F46E49C00DB482E /* XJKRequest.m */; };
		E3BB122B1F46C39500874722 /* main.m in Sources */ = {isa = PBXBuildFile; fileRef = E3BB122A1F46C39500874722 /* main.m */; };
		E3BB12361F46C39500874722 /* Assets.xcassets in Resources */ = {isa = PBXBuildFile; fileRef = E3BB12351F46C39500874722 /* Assets.xcassets */; };
		E3BB12391F46C39500874722 /* LaunchScreen.storyboard in Resources */ = {isa = PBXBuildFile; fileRef = E3BB12371F46C39500874722 /* LaunchScreen.storyboard */; };
		E3BB12441F46C39500874722 /* HomeFrameTests.m in Sources */ = {isa = PBXBuildFile; fileRef = E3BB12431F46C39500874722 /* HomeFrameTests.m */; };
		E3BB124F1F46C39500874722 /* HomeFrameUITests.m in Sources */ = {isa = PBXBuildFile; fileRef = E3BB124E1F46C39500874722 /* HomeFrameUITests.m */; };
/* End PBXBuildFile section */

/* Begin PBXContainerItemProxy section */
		E3BB12401F46C39500874722 /* PBXContainerItemProxy */ = {
			isa = PBXContainerItemProxy;
			containerPortal = E3BB121E1F46C39500874722 /* Project object */;
			proxyType = 1;
			remoteGlobalIDString = E3BB12251F46C39500874722;
			remoteInfo = HomeFrame;
		};
		E3BB124B1F46C39500874722 /* PBXContainerItemProxy */ = {
			isa = PBXContainerItemProxy;
			containerPortal = E3BB121E1F46C39500874722 /* Project object */;
			proxyType = 1;
			remoteGlobalIDString = E3BB12251F46C39500874722;
			remoteInfo = HomeFrame;
		};
/* End PBXContainerItemProxy section */

/* Begin PBXFileReference section */
		38951C653E0FA2F297312FD6 /* Pods-HomeFrame.release.xcconfig */ = {isa = PBXFileReference; includeInIndex = 1; lastKnownFileType = text.xcconfig; name = "Pods-HomeFrame.release.xcconfig"; path = "Pods/Target Support Files/Pods-HomeFrame/Pods-HomeFrame.release.xcconfig"; sourceTree = "<group>"; };
		962395C4C6E5747B6734B798 /* Pods-HomeFrame.debug.xcconfig */ = {isa = PBXFileReference; includeInIndex = 1; lastKnownFileType = text.xcconfig; name = "Pods-HomeFrame.debug.xcconfig"; path = "Pods/Target Support Files/Pods-HomeFrame/Pods-HomeFrame.debug.xcconfig"; sourceTree = "<group>"; };
		E30E9ECC1F46CF0500DB482E /* AppDelegate.h */ = {isa = PBXFileReference; fileEncoding = 4; lastKnownFileType = sourcecode.c.h; path = AppDelegate.h; sourceTree = "<group>"; };
		E30E9ECD1F46CF0500DB482E /* AppDelegate.m */ = {isa = PBXFileReference; fileEncoding = 4; lastKnownFileType = sourcecode.c.objc; path = AppDelegate.m; sourceTree = "<group>"; };
		E30E9EDD1F46D09300DB482E /* XJKBaseViewController.h */ = {isa = PBXFileReference; fileEncoding = 4; lastKnownFileType = sourcecode.c.h; path = XJKBaseViewController.h; sourceTree = "<group>"; };
		E30E9EDE1F46D09300DB482E /* XJKBaseViewController.m */ = {isa = PBXFileReference; fileEncoding = 4; lastKnownFileType = sourcecode.c.objc; path = XJKBaseViewController.m; sourceTree = "<group>"; };
		E30E9EE01F46D0D400DB482E /* XJKBaseNavigationController.h */ = {isa = PBXFileReference; fileEncoding = 4; lastKnownFileType = sourcecode.c.h; path = XJKBaseNavigationController.h; sourceTree = "<group>"; };
		E30E9EE11F46D0D400DB482E /* XJKBaseNavigationController.m */ = {isa = PBXFileReference; fileEncoding = 4; lastKnownFileType = sourcecode.c.objc; path = XJKBaseNavigationController.m; sourceTree = "<group>"; };
		E30E9EE31F46D0F600DB482E /* XJKBaseTabBarController.h */ = {isa = PBXFileReference; fileEncoding = 4; lastKnownFileType = sourcecode.c.h; path = XJKBaseTabBarController.h; sourceTree = "<group>"; };
		E30E9EE41F46D0F600DB482E /* XJKBaseTabBarController.m */ = {isa = PBXFileReference; fileEncoding = 4; lastKnownFileType = sourcecode.c.objc; path = XJKBaseTabBarController.m; sourceTree = "<group>"; };
		E30E9EE61F46D11200DB482E /* XJKBaseView.h */ = {isa = PBXFileReference; fileEncoding = 4; lastKnownFileType = sourcecode.c.h; path = XJKBaseView.h; sourceTree = "<group>"; };
		E30E9EE71F46D11200DB482E /* XJKBaseView.m */ = {isa = PBXFileReference; fileEncoding = 4; lastKnownFileType = sourcecode.c.objc; path = XJKBaseView.m; sourceTree = "<group>"; };
		E30E9EE91F46D13200DB482E /* XJKBaseModel.h */ = {isa = PBXFileReference; fileEncoding = 4; lastKnownFileType = sourcecode.c.h; path = XJKBaseModel.h; sourceTree = "<group>"; };
		E30E9EEA1F46D13200DB482E /* XJKBaseModel.m */ = {isa = PBXFileReference; fileEncoding = 4; lastKnownFileType = sourcecode.c.objc; path = XJKBaseModel.m; sourceTree = "<group>"; };
		E30E9EEC1F46D15800DB482E /* HomeViewController.h */ = {isa = PBXFileReference; fileEncoding = 4; lastKnownFileType = sourcecode.c.h; path = HomeViewController.h; sourceTree = "<group>"; };
		E30E9EED1F46D15800DB482E /* HomeViewController.m */ = {isa = PBXFileReference; fileEncoding = 4; lastKnownFileType = sourcecode.c.objc; path = HomeViewController.m; sourceTree = "<group>"; };
		E30E9EEF1F46D16900DB482E /* CenterViewController.h */ = {isa = PBXFileReference; fileEncoding = 4; lastKnownFileType = sourcecode.c.h; path = CenterViewController.h; sourceTree = "<group>"; };
		E30E9EF01F46D16900DB482E /* CenterViewController.m */ = {isa = PBXFileReference; fileEncoding = 4; lastKnownFileType = sourcecode.c.objc; path = CenterViewController.m; sourceTree = "<group>"; };
		E30E9EF21F46D17700DB482E /* MyViewController.h */ = {isa = PBXFileReference; fileEncoding = 4; lastKnownFileType = sourcecode.c.h; path = MyViewController.h; sourceTree = "<group>"; };
		E30E9EF31F46D17700DB482E /* MyViewController.m */ = {isa = PBXFileReference; fileEncoding = 4; lastKnownFileType = sourcecode.c.objc; path = MyViewController.m; sourceTree = "<group>"; };
		E30E9EF61F46D36E00DB482E /* HomeFrame.pch */ = {isa = PBXFileReference; fileEncoding = 4; lastKnownFileType = sourcecode.c.h; path = HomeFrame.pch; sourceTree = "<group>"; };
		E30E9EF71F46D80600DB482E /* UIDefine.h */ = {isa = PBXFileReference; fileEncoding = 4; lastKnownFileType = sourcecode.c.h; path = UIDefine.h; sourceTree = "<group>"; };
		E30E9EF81F46D81D00DB482E /* APIDefine.h */ = {isa = PBXFileReference; lastKnownFileType = sourcecode.c.h; path = APIDefine.h; sourceTree = "<group>"; };
		E30E9EF91F46D8BD00DB482E /* CommonDefine.h */ = {isa = PBXFileReference; lastKnownFileType = sourcecode.c.h; path = CommonDefine.h; sourceTree = "<group>"; };
		E30E9EFB1F46E49C00DB482E /* XJKRequest.h */ = {isa = PBXFileReference; fileEncoding = 4; lastKnownFileType = sourcecode.c.h; path = XJKRequest.h; sourceTree = "<group>"; };
		E30E9EFC1F46E49C00DB482E /* XJKRequest.m */ = {isa = PBXFileReference; fileEncoding = 4; lastKnownFileType = sourcecode.c.objc; path = XJKRequest.m; sourceTree = "<group>"; };
		E3BB12261F46C39500874722 /* HomeFrame.app */ = {isa = PBXFileReference; explicitFileType = wrapper.application; includeInIndex = 0; path = HomeFrame.app; sourceTree = BUILT_PRODUCTS_DIR; };
		E3BB122A1F46C39500874722 /* main.m */ = {isa = PBXFileReference; lastKnownFileType = sourcecode.c.objc; path = main.m; sourceTree = "<group>"; };
		E3BB12351F46C39500874722 /* Assets.xcassets */ = {isa = PBXFileReference; lastKnownFileType = folder.assetcatalog; path = Assets.xcassets; sourceTree = "<group>"; };
		E3BB12381F46C39500874722 /* Base */ = {isa = PBXFileReference; lastKnownFileType = file.storyboard; name = Base; path = Base.lproj/LaunchScreen.storyboard; sourceTree = "<group>"; };
		E3BB123A1F46C39500874722 /* Info.plist */ = {isa = PBXFileReference; lastKnownFileType = text.plist.xml; path = Info.plist; sourceTree = "<group>"; };
		E3BB123F1F46C39500874722 /* HomeFrameTests.xctest */ = {isa = PBXFileReference; explicitFileType = wrapper.cfbundle; includeInIndex = 0; path = HomeFrameTests.xctest; sourceTree = BUILT_PRODUCTS_DIR; };
		E3BB12431F46C39500874722 /* HomeFrameTests.m */ = {isa = PBXFileReference; lastKnownFileType = sourcecode.c.objc; path = HomeFrameTests.m; sourceTree = "<group>"; };
		E3BB12451F46C39500874722 /* Info.plist */ = {isa = PBXFileReference; lastKnownFileType = text.plist.xml; path = Info.plist; sourceTree = "<group>"; };
		E3BB124A1F46C39500874722 /* HomeFrameUITests.xctest */ = {isa = PBXFileReference; explicitFileType = wrapper.cfbundle; includeInIndex = 0; path = HomeFrameUITests.xctest; sourceTree = BUILT_PRODUCTS_DIR; };
		E3BB124E1F46C39500874722 /* HomeFrameUITests.m */ = {isa = PBXFileReference; lastKnownFileType = sourcecode.c.objc; path = HomeFrameUITests.m; sourceTree = "<group>"; };
		E3BB12501F46C39500874722 /* Info.plist */ = {isa = PBXFileReference; lastKnownFileType = text.plist.xml; path = Info.plist; sourceTree = "<group>"; };
		FFD4A4D3E5BA266666B462DC /* libPods-HomeFrame.a */ = {isa = PBXFileReference; explicitFileType = archive.ar; includeInIndex = 0; path = "libPods-HomeFrame.a"; sourceTree = BUILT_PRODUCTS_DIR; };
/* End PBXFileReference section */

/* Begin PBXFrameworksBuildPhase section */
		E3BB12231F46C39500874722 /* Frameworks */ = {
			isa = PBXFrameworksBuildPhase;
			buildActionMask = 2147483647;
			files = (
				4D1C23D7D7C80F125A980CD5 /* libPods-HomeFrame.a in Frameworks */,
			);
			runOnlyForDeploymentPostprocessing = 0;
		};
		E3BB123C1F46C39500874722 /* Frameworks */ = {
			isa = PBXFrameworksBuildPhase;
			buildActionMask = 2147483647;
			files = (
			);
			runOnlyForDeploymentPostprocessing = 0;
		};
		E3BB12471F46C39500874722 /* Frameworks */ = {
			isa = PBXFrameworksBuildPhase;
			buildActionMask = 2147483647;
			files = (
			);
			runOnlyForDeploymentPostprocessing = 0;
		};
/* End PBXFrameworksBuildPhase section */

/* Begin PBXGroup section */
		7B80572ABD40C1CDA3FFCE2A /* Pods */ = {
			isa = PBXGroup;
			children = (
				962395C4C6E5747B6734B798 /* Pods-HomeFrame.debug.xcconfig */,
				38951C653E0FA2F297312FD6 /* Pods-HomeFrame.release.xcconfig */,
			);
			name = Pods;
			sourceTree = "<group>";
		};
		E30E9ECB1F46CEAB00DB482E /* AppDelegate */ = {
			isa = PBXGroup;
			children = (
				E30E9ECC1F46CF0500DB482E /* AppDelegate.h */,
				E30E9ECD1F46CF0500DB482E /* AppDelegate.m */,
			);
			path = AppDelegate;
			sourceTree = "<group>";
		};
		E30E9ECF1F46CF0D00DB482E /* MainPage */ = {
			isa = PBXGroup;
			children = (
				E30E9ED41F46CF5C00DB482E /* Third */,
				E30E9ED31F46CF5200DB482E /* Page */,
				E30E9ED21F46CF4A00DB482E /* Others */,
				E30E9ED11F46CF4100DB482E /* Config */,
				E30E9ED01F46CF3400DB482E /* Base */,
			);
			path = MainPage;
			sourceTree = "<group>";
		};
		E30E9ED01F46CF3400DB482E /* Base */ = {
			isa = PBXGroup;
			children = (
				E30E9EFA1F46E40D00DB482E /* Request */,
				E30E9ED71F46CFCE00DB482E /* Models */,
				E30E9ED61F46CFC600DB482E /* Views */,
				E30E9ED51F46CFAB00DB482E /* ViewControllers */,
			);
			path = Base;
			sourceTree = "<group>";
		};
		E30E9ED11F46CF4100DB482E /* Config */ = {
			isa = PBXGroup;
			children = (
				E30E9EF61F46D36E00DB482E /* HomeFrame.pch */,
				E30E9EF71F46D80600DB482E /* UIDefine.h */,
				E30E9EF81F46D81D00DB482E /* APIDefine.h */,
				E30E9EF91F46D8BD00DB482E /* CommonDefine.h */,
			);
			path = Config;
			sourceTree = "<group>";
		};
		E30E9ED21F46CF4A00DB482E /* Others */ = {
			isa = PBXGroup;
			children = (
			);
			path = Others;
			sourceTree = "<group>";
		};
		E30E9ED31F46CF5200DB482E /* Page */ = {
			isa = PBXGroup;
			children = (
				E30E9ED91F46D00100DB482E /* Login */,
				E30E9ED81F46CFF900DB482E /* DeBug */,
			);
			path = Page;
			sourceTree = "<group>";
		};
		E30E9ED41F46CF5C00DB482E /* Third */ = {
			isa = PBXGroup;
			children = (
			);
			path = Third;
			sourceTree = "<group>";
		};
		E30E9ED51F46CFAB00DB482E /* ViewControllers */ = {
			isa = PBXGroup;
			children = (
				E30E9EDD1F46D09300DB482E /* XJKBaseViewController.h */,
				E30E9EDE1F46D09300DB482E /* XJKBaseViewController.m */,
				E30E9EE01F46D0D400DB482E /* XJKBaseNavigationController.h */,
				E30E9EE11F46D0D400DB482E /* XJKBaseNavigationController.m */,
				E30E9EE31F46D0F600DB482E /* XJKBaseTabBarController.h */,
				E30E9EE41F46D0F600DB482E /* XJKBaseTabBarController.m */,
			);
			path = ViewControllers;
			sourceTree = "<group>";
		};
		E30E9ED61F46CFC600DB482E /* Views */ = {
			isa = PBXGroup;
			children = (
				E30E9EE61F46D11200DB482E /* XJKBaseView.h */,
				E30E9EE71F46D11200DB482E /* XJKBaseView.m */,
			);
			path = Views;
			sourceTree = "<group>";
		};
		E30E9ED71F46CFCE00DB482E /* Models */ = {
			isa = PBXGroup;
			children = (
				E30E9EE91F46D13200DB482E /* XJKBaseModel.h */,
				E30E9EEA1F46D13200DB482E /* XJKBaseModel.m */,
			);
			path = Models;
			sourceTree = "<group>";
		};
		E30E9ED81F46CFF900DB482E /* DeBug */ = {
			isa = PBXGroup;
			children = (
				E30E9EEC1F46D15800DB482E /* HomeViewController.h */,
				E30E9EED1F46D15800DB482E /* HomeViewController.m */,
				E30E9EEF1F46D16900DB482E /* CenterViewController.h */,
				E30E9EF01F46D16900DB482E /* CenterViewController.m */,
				E30E9EF21F46D17700DB482E /* MyViewController.h */,
				E30E9EF31F46D17700DB482E /* MyViewController.m */,
			);
			path = DeBug;
			sourceTree = "<group>";
		};
		E30E9ED91F46D00100DB482E /* Login */ = {
			isa = PBXGroup;
			children = (
			);
			path = Login;
			sourceTree = "<group>";
		};
		E30E9EFA1F46E40D00DB482E /* Request */ = {
			isa = PBXGroup;
			children = (
				E30E9EFB1F46E49C00DB482E /* XJKRequest.h */,
				E30E9EFC1F46E49C00DB482E /* XJKRequest.m */,
			);
			path = Request;
			sourceTree = "<group>";
		};
		E3BB121D1F46C39500874722 = {
			isa = PBXGroup;
			children = (
				E3BB12281F46C39500874722 /* HomeFrame */,
				E3BB12421F46C39500874722 /* HomeFrameTests */,
				E3BB124D1F46C39500874722 /* HomeFrameUITests */,
				E3BB12271F46C39500874722 /* Products */,
				7B80572ABD40C1CDA3FFCE2A /* Pods */,
				E8BF69CF3372AA38936AB04F /* Frameworks */,
			);
			sourceTree = "<group>";
		};
		E3BB12271F46C39500874722 /* Products */ = {
			isa = PBXGroup;
			children = (
				E3BB12261F46C39500874722 /* HomeFrame.app */,
				E3BB123F1F46C39500874722 /* HomeFrameTests.xctest */,
				E3BB124A1F46C39500874722 /* HomeFrameUITests.xctest */,
			);
			name = Products;
			sourceTree = "<group>";
		};
		E3BB12281F46C39500874722 /* HomeFrame */ = {
			isa = PBXGroup;
			children = (
				E30E9ECB1F46CEAB00DB482E /* AppDelegate */,
				E30E9ECF1F46CF0D00DB482E /* MainPage */,
				E3BB12351F46C39500874722 /* Assets.xcassets */,
				E3BB12371F46C39500874722 /* LaunchScreen.storyboard */,
				E3BB123A1F46C39500874722 /* Info.plist */,
				E3BB12291F46C39500874722 /* Supporting Files */,
			);
			path = HomeFrame;
			sourceTree = "<group>";
		};
		E3BB12291F46C39500874722 /* Supporting Files */ = {
			isa = PBXGroup;
			children = (
				E3BB122A1F46C39500874722 /* main.m */,
			);
			name = "Supporting Files";
			sourceTree = "<group>";
		};
		E3BB12421F46C39500874722 /* HomeFrameTests */ = {
			isa = PBXGroup;
			children = (
				E3BB12431F46C39500874722 /* HomeFrameTests.m */,
				E3BB12451F46C39500874722 /* Info.plist */,
			);
			path = HomeFrameTests;
			sourceTree = "<group>";
		};
		E3BB124D1F46C39500874722 /* HomeFrameUITests */ = {
			isa = PBXGroup;
			children = (
				E3BB124E1F46C39500874722 /* HomeFrameUITests.m */,
				E3BB12501F46C39500874722 /* Info.plist */,
			);
			path = HomeFrameUITests;
			sourceTree = "<group>";
		};
		E8BF69CF3372AA38936AB04F /* Frameworks */ = {
			isa = PBXGroup;
			children = (
				FFD4A4D3E5BA266666B462DC /* libPods-HomeFrame.a */,
			);
			name = Frameworks;
			sourceTree = "<group>";
		};
/* End PBXGroup section */

/* Begin PBXNativeTarget section */
		E3BB12251F46C39500874722 /* HomeFrame */ = {
			isa = PBXNativeTarget;
			buildConfigurationList = E3BB12531F46C39500874722 /* Build configuration list for PBXNativeTarget "HomeFrame" */;
			buildPhases = (
				A425CB3F333BC13E036E62C3 /* [CP] Check Pods Manifest.lock */,
				E3BB12221F46C39500874722 /* Sources */,
				E3BB12231F46C39500874722 /* Frameworks */,
				E3BB12241F46C39500874722 /* Resources */,
				9B601B297FEB9836DC651FDC /* [CP] Embed Pods Frameworks */,
				6D60C4E8A5647DD1B3EAC932 /* [CP] Copy Pods Resources */,
			);
			buildRules = (
			);
			dependencies = (
			);
			name = HomeFrame;
			productName = HomeFrame;
			productReference = E3BB12261F46C39500874722 /* HomeFrame.app */;
			productType = "com.apple.product-type.application";
		};
		E3BB123E1F46C39500874722 /* HomeFrameTests */ = {
			isa = PBXNativeTarget;
			buildConfigurationList = E3BB12561F46C39500874722 /* Build configuration list for PBXNativeTarget "HomeFrameTests" */;
			buildPhases = (
				E3BB123B1F46C39500874722 /* Sources */,
				E3BB123C1F46C39500874722 /* Frameworks */,
				E3BB123D1F46C39500874722 /* Resources */,
			);
			buildRules = (
			);
			dependencies = (
				E3BB12411F46C39500874722 /* PBXTargetDependency */,
			);
			name = HomeFrameTests;
			productName = HomeFrameTests;
			productReference = E3BB123F1F46C39500874722 /* HomeFrameTests.xctest */;
			productType = "com.apple.product-type.bundle.unit-test";
		};
		E3BB12491F46C39500874722 /* HomeFrameUITests */ = {
			isa = PBXNativeTarget;
			buildConfigurationList = E3BB12591F46C39500874722 /* Build configuration list for PBXNativeTarget "HomeFrameUITests" */;
			buildPhases = (
				E3BB12461F46C39500874722 /* Sources */,
				E3BB12471F46C39500874722 /* Frameworks */,
				E3BB12481F46C39500874722 /* Resources */,
			);
			buildRules = (
			);
			dependencies = (
				E3BB124C1F46C39500874722 /* PBXTargetDependency */,
			);
			name = HomeFrameUITests;
			productName = HomeFrameUITests;
			productReference = E3BB124A1F46C39500874722 /* HomeFrameUITests.xctest */;
			productType = "com.apple.product-type.bundle.ui-testing";
		};
/* End PBXNativeTarget section */

/* Begin PBXProject section */
		E3BB121E1F46C39500874722 /* Project object */ = {
			isa = PBXProject;
			attributes = {
				LastUpgradeCheck = 0920;
				ORGANIZATIONNAME = "徐靖凯";
				TargetAttributes = {
					E3BB12251F46C39500874722 = {
						CreatedOnToolsVersion = 8.3.3;
						DevelopmentTeam = RQY7GAJF7E;
						ProvisioningStyle = Automatic;
					};
					E3BB123E1F46C39500874722 = {
						CreatedOnToolsVersion = 8.3.3;
						DevelopmentTeam = RQY7GAJF7E;
						ProvisioningStyle = Automatic;
						TestTargetID = E3BB12251F46C39500874722;
					};
					E3BB12491F46C39500874722 = {
						CreatedOnToolsVersion = 8.3.3;
						DevelopmentTeam = RQY7GAJF7E;
						ProvisioningStyle = Automatic;
						TestTargetID = E3BB12251F46C39500874722;
					};
				};
			};
			buildConfigurationList = E3BB12211F46C39500874722 /* Build configuration list for PBXProject "HomeFrame" */;
			compatibilityVersion = "Xcode 3.2";
			developmentRegion = English;
			hasScannedForEncodings = 0;
			knownRegions = (
				en,
				Base,
			);
			mainGroup = E3BB121D1F46C39500874722;
			productRefGroup = E3BB12271F46C39500874722 /* Products */;
			projectDirPath = "";
			projectRoot = "";
			targets = (
				E3BB12251F46C39500874722 /* HomeFrame */,
				E3BB123E1F46C39500874722 /* HomeFrameTests */,
				E3BB12491F46C39500874722 /* HomeFrameUITests */,
			);
		};
/* End PBXProject section */

/* Begin PBXResourcesBuildPhase section */
		E3BB12241F46C39500874722 /* Resources */ = {
			isa = PBXResourcesBuildPhase;
			buildActionMask = 2147483647;
			files = (
				E3BB12391F46C39500874722 /* LaunchScreen.storyboard in Resources */,
				E3BB12361F46C39500874722 /* Assets.xcassets in Resources */,
			);
			runOnlyForDeploymentPostprocessing = 0;
		};
		E3BB123D1F46C39500874722 /* Resources */ = {
			isa = PBXResourcesBuildPhase;
			buildActionMask = 2147483647;
			files = (
			);
			runOnlyForDeploymentPostprocessing = 0;
		};
		E3BB12481F46C39500874722 /* Resources */ = {
			isa = PBXResourcesBuildPhase;
			buildActionMask = 2147483647;
			files = (
			);
			runOnlyForDeploymentPostprocessing = 0;
		};
/* End PBXResourcesBuildPhase section */

/* Begin PBXShellScriptBuildPhase section */
		6D60C4E8A5647DD1B3EAC932 /* [CP] Copy Pods Resources */ = {
			isa = PBXShellScriptBuildPhase;
			buildActionMask = 2147483647;
			files = (
			);
			inputPaths = (
			);
			name = "[CP] Copy Pods Resources";
			outputPaths = (
			);
			runOnlyForDeploymentPostprocessing = 0;
			shellPath = /bin/sh;
			shellScript = "\"${SRCROOT}/Pods/Target Support Files/Pods-HomeFrame/Pods-HomeFrame-resources.sh\"\n";
			showEnvVarsInLog = 0;
		};
		9B601B297FEB9836DC651FDC /* [CP] Embed Pods Frameworks */ = {
			isa = PBXShellScriptBuildPhase;
			buildActionMask = 2147483647;
			files = (
			);
			inputPaths = (
			);
			name = "[CP] Embed Pods Frameworks";
			outputPaths = (
			);
			runOnlyForDeploymentPostprocessing = 0;
			shellPath = /bin/sh;
			shellScript = "\"${SRCROOT}/Pods/Target Support Files/Pods-HomeFrame/Pods-HomeFrame-frameworks.sh\"\n";
			showEnvVarsInLog = 0;
		};
		A425CB3F333BC13E036E62C3 /* [CP] Check Pods Manifest.lock */ = {
			isa = PBXShellScriptBuildPhase;
			buildActionMask = 2147483647;
			files = (
			);
			inputPaths = (
			);
			name = "[CP] Check Pods Manifest.lock";
			outputPaths = (
			);
			runOnlyForDeploymentPostprocessing = 0;
			shellPath = /bin/sh;
			shellScript = "diff \"${PODS_ROOT}/../Podfile.lock\" \"${PODS_ROOT}/Manifest.lock\" > /dev/null\nif [ $? != 0 ] ; then\n    # print error to STDERR\n    echo \"error: The sandbox is not in sync with the Podfile.lock. Run 'pod install' or update your CocoaPods installation.\" >&2\n    exit 1\nfi\n";
			showEnvVarsInLog = 0;
		};
/* End PBXShellScriptBuildPhase section */

/* Begin PBXSourcesBuildPhase section */
		E3BB12221F46C39500874722 /* Sources */ = {
			isa = PBXSourcesBuildPhase;
			buildActionMask = 2147483647;
			files = (
				E30E9EE21F46D0D400DB482E /* XJKBaseNavigationController.m in Sources */,
				E30E9EE81F46D11200DB482E /* XJKBaseView.m in Sources */,
				E30E9ECE1F46CF0500DB482E /* AppDelegate.m in Sources */,
				E30E9EFD1F46E49C00DB482E /* XJKRequest.m in Sources */,
				E30E9EEB1F46D13200DB482E /* XJKBaseModel.m in Sources */,
				E30E9EF41F46D17700DB482E /* MyViewController.m in Sources */,
				E30E9EE51F46D0F600DB482E /* XJKBaseTabBarController.m in Sources */,
				E30E9EF11F46D16900DB482E /* CenterViewController.m in Sources */,
				E3BB122B1F46C39500874722 /* main.m in Sources */,
				E30E9EDF1F46D09300DB482E /* XJKBaseViewController.m in Sources */,
				E30E9EEE1F46D15800DB482E /* HomeViewController.m in Sources */,
			);
			runOnlyForDeploymentPostprocessing = 0;
		};
		E3BB123B1F46C39500874722 /* Sources */ = {
			isa = PBXSourcesBuildPhase;
			buildActionMask = 2147483647;
			files = (
				E3BB12441F46C39500874722 /* HomeFrameTests.m in Sources */,
			);
			runOnlyForDeploymentPostprocessing = 0;
		};
		E3BB12461F46C39500874722 /* Sources */ = {
			isa = PBXSourcesBuildPhase;
			buildActionMask = 2147483647;
			files = (
				E3BB124F1F46C39500874722 /* HomeFrameUITests.m in Sources */,
			);
			runOnlyForDeploymentPostprocessing = 0;
		};
/* End PBXSourcesBuildPhase section */

/* Begin PBXTargetDependency section */
		E3BB12411F46C39500874722 /* PBXTargetDependency */ = {
			isa = PBXTargetDependency;
			target = E3BB12251F46C39500874722 /* HomeFrame */;
			targetProxy = E3BB12401F46C39500874722 /* PBXContainerItemProxy */;
		};
		E3BB124C1F46C39500874722 /* PBXTargetDependency */ = {
			isa = PBXTargetDependency;
			target = E3BB12251F46C39500874722 /* HomeFrame */;
			targetProxy = E3BB124B1F46C39500874722 /* PBXContainerItemProxy */;
		};
/* End PBXTargetDependency section */

/* Begin PBXVariantGroup section */
		E3BB12371F46C39500874722 /* LaunchScreen.storyboard */ = {
			isa = PBXVariantGroup;
			children = (
				E3BB12381F46C39500874722 /* Base */,
			);
			name = LaunchScreen.storyboard;
			sourceTree = "<group>";
		};
/* End PBXVariantGroup section */

/* Begin XCBuildConfiguration section */
		E3BB12511F46C39500874722 /* Debug */ = {
			isa = XCBuildConfiguration;
			buildSettings = {
				ALWAYS_SEARCH_USER_PATHS = NO;
				CLANG_ANALYZER_NONNULL = YES;
				CLANG_ANALYZER_NUMBER_OBJECT_CONVERSION = YES_AGGRESSIVE;
				CLANG_CXX_LANGUAGE_STANDARD = "gnu++0x";
				CLANG_CXX_LIBRARY = "libc++";
				CLANG_ENABLE_MODULES = YES;
				CLANG_ENABLE_OBJC_ARC = YES;
				CLANG_WARN_BLOCK_CAPTURE_AUTORELEASING = YES;
				CLANG_WARN_BOOL_CONVERSION = YES;
				CLANG_WARN_COMMA = YES;
				CLANG_WARN_CONSTANT_CONVERSION = YES;
				CLANG_WARN_DIRECT_OBJC_ISA_USAGE = YES_ERROR;
				CLANG_WARN_DOCUMENTATION_COMMENTS = YES;
				CLANG_WARN_EMPTY_BODY = YES;
				CLANG_WARN_ENUM_CONVERSION = YES;
				CLANG_WARN_INFINITE_RECURSION = YES;
				CLANG_WARN_INT_CONVERSION = YES;
				CLANG_WARN_NON_LITERAL_NULL_CONVERSION = YES;
				CLANG_WARN_OBJC_LITERAL_CONVERSION = YES;
				CLANG_WARN_OBJC_ROOT_CLASS = YES_ERROR;
				CLANG_WARN_RANGE_LOOP_ANALYSIS = YES;
				CLANG_WARN_STRICT_PROTOTYPES = YES;
				CLANG_WARN_SUSPICIOUS_MOVE = YES;
				CLANG_WARN_UNREACHABLE_CODE = YES;
				CLANG_WARN__DUPLICATE_METHOD_MATCH = YES;
				"CODE_SIGN_IDENTITY[sdk=iphoneos*]" = "iPhone Developer";
				COPY_PHASE_STRIP = NO;
				DEBUG_INFORMATION_FORMAT = dwarf;
				ENABLE_STRICT_OBJC_MSGSEND = YES;
				ENABLE_TESTABILITY = YES;
				GCC_C_LANGUAGE_STANDARD = gnu99;
				GCC_DYNAMIC_NO_PIC = NO;
				GCC_NO_COMMON_BLOCKS = YES;
				GCC_OPTIMIZATION_LEVEL = 0;
				GCC_PREPROCESSOR_DEFINITIONS = (
					"DEBUG=1",
					"$(inherited)",
				);
				GCC_WARN_64_TO_32_BIT_CONVERSION = YES;
				GCC_WARN_ABOUT_RETURN_TYPE = YES_ERROR;
				GCC_WARN_UNDECLARED_SELECTOR = YES;
				GCC_WARN_UNINITIALIZED_AUTOS = YES_AGGRESSIVE;
				GCC_WARN_UNUSED_FUNCTION = YES;
				GCC_WARN_UNUSED_VARIABLE = YES;
				IPHONEOS_DEPLOYMENT_TARGET = 8.0;
				MTL_ENABLE_DEBUG_INFO = YES;
				ONLY_ACTIVE_ARCH = YES;
				SDKROOT = iphoneos;
			};
			name = Debug;
		};
		E3BB12521F46C39500874722 /* Release */ = {
			isa = XCBuildConfiguration;
			buildSettings = {
				ALWAYS_SEARCH_USER_PATHS = NO;
				CLANG_ANALYZER_NONNULL = YES;
				CLANG_ANALYZER_NUMBER_OBJECT_CONVERSION = YES_AGGRESSIVE;
				CLANG_CXX_LANGUAGE_STANDARD = "gnu++0x";
				CLANG_CXX_LIBRARY = "libc++";
				CLANG_ENABLE_MODULES = YES;
				CLANG_ENABLE_OBJC_ARC = YES;
				CLANG_WARN_BLOCK_CAPTURE_AUTORELEASING = YES;
				CLANG_WARN_BOOL_CONVERSION = YES;
				CLANG_WARN_COMMA = YES;
				CLANG_WARN_CONSTANT_CONVERSION = YES;
				CLANG_WARN_DIRECT_OBJC_ISA_USAGE = YES_ERROR;
				CLANG_WARN_DOCUMENTATION_COMMENTS = YES;
				CLANG_WARN_EMPTY_BODY = YES;
				CLANG_WARN_ENUM_CONVERSION = YES;
				CLANG_WARN_INFINITE_RECURSION = YES;
				CLANG_WARN_INT_CONVERSION = YES;
				CLANG_WARN_NON_LITERAL_NULL_CONVERSION = YES;
				CLANG_WARN_OBJC_LITERAL_CONVERSION = YES;
				CLANG_WARN_OBJC_ROOT_CLASS = YES_ERROR;
				CLANG_WARN_RANGE_LOOP_ANALYSIS = YES;
				CLANG_WARN_STRICT_PROTOTYPES = YES;
				CLANG_WARN_SUSPICIOUS_MOVE = YES;
				CLANG_WARN_UNREACHABLE_CODE = YES;
				CLANG_WARN__DUPLICATE_METHOD_MATCH = YES;
				"CODE_SIGN_IDENTITY[sdk=iphoneos*]" = "iPhone Developer";
				COPY_PHASE_STRIP = NO;
				DEBUG_INFORMATION_FORMAT = "dwarf-with-dsym";
				ENABLE_NS_ASSERTIONS = NO;
				ENABLE_STRICT_OBJC_MSGSEND = YES;
				GCC_C_LANGUAGE_STANDARD = gnu99;
				GCC_NO_COMMON_BLOCKS = YES;
				GCC_WARN_64_TO_32_BIT_CONVERSION = YES;
				GCC_WARN_ABOUT_RETURN_TYPE = YES_ERROR;
				GCC_WARN_UNDECLARED_SELECTOR = YES;
				GCC_WARN_UNINITIALIZED_AUTOS = YES_AGGRESSIVE;
				GCC_WARN_UNUSED_FUNCTION = YES;
				GCC_WARN_UNUSED_VARIABLE = YES;
				IPHONEOS_DEPLOYMENT_TARGET = 8.0;
				MTL_ENABLE_DEBUG_INFO = NO;
				SDKROOT = iphoneos;
				VALIDATE_PRODUCT = YES;
			};
			name = Release;
		};
		E3BB12541F46C39500874722 /* Debug */ = {
			isa = XCBuildConfiguration;
			baseConfigurationReference = 962395C4C6E5747B6734B798 /* Pods-HomeFrame.debug.xcconfig */;
			buildSettings = {
				ASSETCATALOG_COMPILER_APPICON_NAME = AppIcon;
				DEVELOPMENT_TEAM = RQY7GAJF7E;
				GCC_PRECOMPILE_PREFIX_HEADER = YES;
				GCC_PREFIX_HEADER = "$(SRCROOT)/HomeFrame/MainPage/Config/HomeFrame.pch";
				INFOPLIST_FILE = HomeFrame/Info.plist;
				IPHONEOS_DEPLOYMENT_TARGET = 8.0;
				LD_RUNPATH_SEARCH_PATHS = "$(inherited) @executable_path/Frameworks";
				PRODUCT_BUNDLE_IDENTIFIER = com.xujingkai.HomeFrame.HomeFrame;
				PRODUCT_NAME = "$(TARGET_NAME)";
			};
			name = Debug;
		};
		E3BB12551F46C39500874722 /* Release */ = {
			isa = XCBuildConfiguration;
			baseConfigurationReference = 38951C653E0FA2F297312FD6 /* Pods-HomeFrame.release.xcconfig */;
			buildSettings = {
				ASSETCATALOG_COMPILER_APPICON_NAME = AppIcon;
				DEVELOPMENT_TEAM = RQY7GAJF7E;
				GCC_PRECOMPILE_PREFIX_HEADER = YES;
				GCC_PREFIX_HEADER = "$(SRCROOT)/HomeFrame/MainPage/Config/HomeFrame.pch";
				INFOPLIST_FILE = HomeFrame/Info.plist;
				IPHONEOS_DEPLOYMENT_TARGET = 8.0;
				LD_RUNPATH_SEARCH_PATHS = "$(inherited) @executable_path/Frameworks";
				PRODUCT_BUNDLE_IDENTIFIER = com.xujingkai.HomeFrame.HomeFrame;
				PRODUCT_NAME = "$(TARGET_NAME)";
			};
			name = Release;
		};
		E3BB12571F46C39500874722 /* Debug */ = {
			isa = XCBuildConfiguration;
			buildSettings = {
				BUNDLE_LOADER = "$(TEST_HOST)";
				DEVELOPMENT_TEAM = RQY7GAJF7E;
				INFOPLIST_FILE = HomeFrameTests/Info.plist;
				LD_RUNPATH_SEARCH_PATHS = "$(inherited) @executable_path/Frameworks @loader_path/Frameworks";
				PRODUCT_BUNDLE_IDENTIFIER = com.xujingkai.HomeFrame.HomeFrameTests;
				PRODUCT_NAME = "$(TARGET_NAME)";
				TEST_HOST = "$(BUILT_PRODUCTS_DIR)/HomeFrame.app/HomeFrame";
			};
			name = Debug;
		};
		E3BB12581F46C39500874722 /* Release */ = {
			isa = XCBuildConfiguration;
			buildSettings = {
				BUNDLE_LOADER = "$(TEST_HOST)";
				DEVELOPMENT_TEAM = RQY7GAJF7E;
				INFOPLIST_FILE = HomeFrameTests/Info.plist;
				LD_RUNPATH_SEARCH_PATHS = "$(inherited) @executable_path/Frameworks @loader_path/Frameworks";
				PRODUCT_BUNDLE_IDENTIFIER = com.xujingkai.HomeFrame.HomeFrameTests;
				PRODUCT_NAME = "$(TARGET_NAME)";
				TEST_HOST = "$(BUILT_PRODUCTS_DIR)/HomeFrame.app/HomeFrame";
			};
			name = Release;
		};
		E3BB125A1F46C39500874722 /* Debug */ = {
			isa = XCBuildConfiguration;
			buildSettings = {
				DEVELOPMENT_TEAM = RQY7GAJF7E;
				INFOPLIST_FILE = HomeFrameUITests/Info.plist;
				LD_RUNPATH_SEARCH_PATHS = "$(inherited) @executable_path/Frameworks @loader_path/Frameworks";
				PRODUCT_BUNDLE_IDENTIFIER = com.xujingkai.HomeFrame.HomeFrameUITests;
				PRODUCT_NAME = "$(TARGET_NAME)";
				TEST_TARGET_NAME = HomeFrame;
			};
			name = Debug;
		};
		E3BB125B1F46C39500874722 /* Release */ = {
			isa = XCBuildConfiguration;
			buildSettings = {
				DEVELOPMENT_TEAM = RQY7GAJF7E;
				INFOPLIST_FILE = HomeFrameUITests/Info.plist;
				LD_RUNPATH_SEARCH_PATHS = "$(inherited) @executable_path/Frameworks @loader_path/Frameworks";
				PRODUCT_BUNDLE_IDENTIFIER = com.xujingkai.HomeFrame.HomeFrameUITests;
				PRODUCT_NAME = "$(TARGET_NAME)";
				TEST_TARGET_NAME = HomeFrame;
			};
			name = Release;
		};
/* End XCBuildConfiguration section */

/* Begin XCConfigurationList section */
		E3BB12211F46C39500874722 /* Build configuration list for PBXProject "HomeFrame" */ = {
			isa = XCConfigurationList;
			buildConfigurations = (
				E3BB12511F46C39500874722 /* Debug */,
				E3BB12521F46C39500874722 /* Release */,
			);
			defaultConfigurationIsVisible = 0;
			defaultConfigurationName = Release;
		};
		E3BB12531F46C39500874722 /* Build configuration list for PBXNativeTarget "HomeFrame" */ = {
			isa = XCConfigurationList;
			buildConfigurations = (
				E3BB12541F46C39500874722 /* Debug */,
				E3BB12551F46C39500874722 /* Release */,
			);
			defaultConfigurationIsVisible = 0;
			defaultConfigurationName = Release;
		};
		E3BB12561F46C39500874722 /* Build configuration list for PBXNativeTarget "HomeFrameTests" */ = {
			isa = XCConfigurationList;
			buildConfigurations = (
				E3BB12571F46C39500874722 /* Debug */,
				E3BB12581F46C39500874722 /* Release */,
			);
			defaultConfigurationIsVisible = 0;
			defaultConfigurationName = Release;
		};
		E3BB12591F46C39500874722 /* Build configuration list for PBXNativeTarget "HomeFrameUITests" */ = {
			isa = XCConfigurationList;
			buildConfigurations = (
				E3BB125A1F46C39500874722 /* Debug */,
				E3BB125B1F46C39500874722 /* Release */,
			);
			defaultConfigurationIsVisible = 0;
			defaultConfigurationName = Release;
		};
/* End XCConfigurationList section */
	};
	rootObject = E3BB121E1F46C39500874722 /* Project object */;
}
